
Microsoft Visual Studio Solution File, Format Version 12.00
# Visual Studio Version 16
VisualStudioVersion = 16.0.28803.156
MinimumVisualStudioVersion = 10.0.40219.1
Project("{FAE04EC0-301F-11D3-BF4B-00C04F79EFBC}") = "MobileQuiz", "MobileQuiz\MobileQuiz.csproj", "{D7937962-F175-4CD5-A01D-F0864E88BCF3}"
EndProject
Global
	GlobalSection(SolutionConfigurationPlatforms) = preSolution
		Debug|Any CPU = Debug|Any CPU
		Release|Any CPU = Release|Any CPU
	EndGlobalSection
	GlobalSection(ProjectConfigurationPlatforms) = postSolution
		{D7937962-F175-4CD5-A01D-F0864E88BCF3}.Debug|Any CPU.ActiveCfg = Debug|Any CPU
		{D7937962-F175-4CD5-A01D-F0864E88BCF3}.Debug|Any CPU.Build.0 = Debug|Any CPU
		{D7937962-F175-4CD5-A01D-F0864E88BCF3}.Release|Any CPU.ActiveCfg = Release|Any CPU
		{D7937962-F175-4CD5-A01D-F0864E88BCF3}.Release|Any CPU.Build.0 = Release|Any CPU
	EndGlobalSection
	GlobalSection(SolutionProperties) = preSolution
		HideSolutionNode = FALSE
	EndGlobalSection
	GlobalSection(ExtensibilityGlobals) = postSolution
		SolutionGuid = {C4079906-CB27-4B79-A414-0DC8660C7026}
	EndGlobalSection
EndGlobal
